
Microsoft Visual Studio Solution File, Format Version 12.00
# Visual Studio Version 16
VisualStudioVersion = 16.0.30225.117
MinimumVisualStudioVersion = 10.0.40219.1
Project("{FAE04EC0-301F-11D3-BF4B-00C04F79EFBC}") = "MSMQ_demo", "MSMQ_demo\MSMQ_demo.csproj", "{213BEF8F-C441-4CD8-9A8C-44990F3C7BCB}"
EndProject
Global
	GlobalSection(SolutionConfigurationPlatforms) = preSolution
		Debug|Any CPU = Debug|Any CPU
		Release|Any CPU = Release|Any CPU
	EndGlobalSection
	GlobalSection(ProjectConfigurationPlatforms) = postSolution
		{213BEF8F-C441-4CD8-9A8C-44990F3C7BCB}.Debug|Any CPU.ActiveCfg = Debug|Any CPU
		{213BEF8F-C441-4CD8-9A8C-44990F3C7BCB}.Debug|Any CPU.Build.0 = Debug|Any CPU
		{213BEF8F-C441-4CD8-9A8C-44990F3C7BCB}.Release|Any CPU.ActiveCfg = Release|Any CPU
		{213BEF8F-C441-4CD8-9A8C-44990F3C7BCB}.Release|Any CPU.Build.0 = Release|Any CPU
	EndGlobalSection
	GlobalSection(SolutionProperties) = preSolution
		HideSolutionNode = FALSE
	EndGlobalSection
	GlobalSection(ExtensibilityGlobals) = postSolution
		SolutionGuid = {08A3F792-770A-4C9E-ADFD-354CC0282D45}
	EndGlobalSection
EndGlobal
